// !$*UTF8*$!
{
	archiveVersion = 1;
	classes = {
	};
	objectVersion = 50;
	objects = {

/* Begin PBXBuildFile section */
		91F068EB2424BFFC0026D950 /* AppDelegate.swift in Sources */ = {isa = PBXBuildFile; fileRef = 91F068EA2424BFFC0026D950 /* AppDelegate.swift */; };
		91F068ED2424BFFC0026D950 /* SceneDelegate.swift in Sources */ = {isa = PBXBuildFile; fileRef = 91F068EC2424BFFC0026D950 /* SceneDelegate.swift */; };
		91F068EF2424BFFC0026D950 /* ViewController.swift in Sources */ = {isa = PBXBuildFile; fileRef = 91F068EE2424BFFC0026D950 /* ViewController.swift */; };
		91F068F22424BFFC0026D950 /* Main.storyboard in Resources */ = {isa = PBXBuildFile; fileRef = 91F068F02424BFFC0026D950 /* Main.storyboard */; };
		91F068F42424BFFE0026D950 /* Assets.xcassets in Resources */ = {isa = PBXBuildFile; fileRef = 91F068F32424BFFE0026D950 /* Assets.xcassets */; };
		91F068F72424BFFE0026D950 /* LaunchScreen.storyboard in Resources */ = {isa = PBXBuildFile; fileRef = 91F068F52424BFFE0026D950 /* LaunchScreen.storyboard */; };
		91F068FF2424C3400026D950 /* PhotoInfo.swift in Sources */ = {isa = PBXBuildFile; fileRef = 91F068FE2424C3400026D950 /* PhotoInfo.swift */; };
		91F069012424C63F0026D950 /* URL+helpers.swift in Sources */ = {isa = PBXBuildFile; fileRef = 91F069002424C63F0026D950 /* URL+helpers.swift */; };
		91F069032424EDA70026D950 /* PhotoInfoController.swift in Sources */ = {isa = PBXBuildFile; fileRef = 91F069022424EDA70026D950 /* PhotoInfoController.swift */; };
/* End PBXBuildFile section */

/* Begin PBXFileReference section */
		91F068E72424BFFC0026D950 /* SpacePhoto2.app */ = {isa = PBXFileReference; explicitFileType = wrapper.application; includeInIndex = 0; path = SpacePhoto2.app; sourceTree = BUILT_PRODUCTS_DIR; };
		91F068EA2424BFFC0026D950 /* AppDelegate.swift */ = {isa = PBXFileReference; lastKnownFileType = sourcecode.swift; path = AppDelegate.swift; sourceTree = "<group>"; };
		91F068EC2424BFFC0026D950 /* SceneDelegate.swift */ = {isa = PBXFileReference; lastKnownFileType = sourcecode.swift; path = SceneDelegate.swift; sourceTree = "<group>"; };
		91F068EE2424BFFC0026D950 /* ViewController.swift */ = {isa = PBXFileReference; lastKnownFileType = sourcecode.swift; path = ViewController.swift; sourceTree = "<group>"; };
		91F068F12424BFFC0026D950 /* Base */ = {isa = PBXFileReference; lastKnownFileType = file.storyboard; name = Base; path = Base.lproj/Main.storyboard; sourceTree = "<group>"; };
		91F068F32424BFFE0026D950 /* Assets.xcassets */ = {isa = PBXFileReference; lastKnownFileType = folder.assetcatalog; path = Assets.xcassets; sourceTree = "<group>"; };
		91F068F62424BFFE0026D950 /* Base */ = {isa = PBXFileReference; lastKnownFileType = file.storyboard; name = Base; path = Base.lproj/LaunchScreen.storyboard; sourceTree = "<group>"; };
		91F068F82424BFFE0026D950 /* Info.plist */ = {isa = PBXFileReference; lastKnownFileType = text.plist.xml; path = Info.plist; sourceTree = "<group>"; };
		91F068FE2424C3400026D950 /* PhotoInfo.swift */ = {isa = PBXFileReference; lastKnownFileType = sourcecode.swift; path = PhotoInfo.swift; sourceTree = "<group>"; };
		91F069002424C63F0026D950 /* URL+helpers.swift */ = {isa = PBXFileReference; lastKnownFileType = sourcecode.swift; path = "URL+helpers.swift"; sourceTree = "<group>"; };
		91F069022424EDA70026D950 /* PhotoInfoController.swift */ = {isa = PBXFileReference; lastKnownFileType = sourcecode.swift; path = PhotoInfoController.swift; sourceTree = "<group>"; };
/* End PBXFileReference section */

/* Begin PBXFrameworksBuildPhase section */
		91F068E42424BFFB0026D950 /* Frameworks */ = {
			isa = PBXFrameworksBuildPhase;
			buildActionMask = 2147483647;
			files = (
			);
			runOnlyForDeploymentPostprocessing = 0;
		};
/* End PBXFrameworksBuildPhase section */

/* Begin PBXGroup section */
		91F068DE2424BFFB0026D950 = {
			isa = PBXGroup;
			children = (
				91F068E92424BFFC0026D950 /* SpacePhoto2 */,
				91F068E82424BFFC0026D950 /* Products */,
			);
			sourceTree = "<group>";
		};
		91F068E82424BFFC0026D950 /* Products */ = {
			isa = PBXGroup;
			children = (
				91F068E72424BFFC0026D950 /* SpacePhoto2.app */,
			);
			name = Products;
			sourceTree = "<group>";
		};
		91F068E92424BFFC0026D950 /* SpacePhoto2 */ = {
			isa = PBXGroup;
			children = (
				91F068EA2424BFFC0026D950 /* AppDelegate.swift */,
				91F068EC2424BFFC0026D950 /* SceneDelegate.swift */,
				91F068EE2424BFFC0026D950 /* ViewController.swift */,
				91F068FE2424C3400026D950 /* PhotoInfo.swift */,
				91F069002424C63F0026D950 /* URL+helpers.swift */,
				91F069022424EDA70026D950 /* PhotoInfoController.swift */,
				91F068F02424BFFC0026D950 /* Main.storyboard */,
				91F068F32424BFFE0026D950 /* Assets.xcassets */,
				91F068F52424BFFE0026D950 /* LaunchScreen.storyboard */,
				91F068F82424BFFE0026D950 /* Info.plist */,
			);
			path = SpacePhoto2;
			sourceTree = "<group>";
		};
/* End PBXGroup section */

/* Begin PBXNativeTarget section */
		91F068E62424BFFB0026D950 /* SpacePhoto2 */ = {
			isa = PBXNativeTarget;
			buildConfigurationList = 91F068FB2424BFFE0026D950 /* Build configuration list for PBXNativeTarget "SpacePhoto2" */;
			buildPhases = (
				91F068E32424BFFB0026D950 /* Sources */,
				91F068E42424BFFB0026D950 /* Frameworks */,
				91F068E52424BFFB0026D950 /* Resources */,
			);
			buildRules = (
			);
			dependencies = (
			);
			name = SpacePhoto2;
			productName = SpacePhoto2;
			productReference = 91F068E72424BFFC0026D950 /* SpacePhoto2.app */;
			productType = "com.apple.product-type.application";
		};
/* End PBXNativeTarget section */

/* Begin PBXProject section */
		91F068DF2424BFFB0026D950 /* Project object */ = {
			isa = PBXProject;
			attributes = {
				LastSwiftUpdateCheck = 1110;
				LastUpgradeCheck = 1110;
				ORGANIZATIONNAME = Projectum;
				TargetAttributes = {
					91F068E62424BFFB0026D950 = {
						CreatedOnToolsVersion = 11.1;
					};
				};
			};
			buildConfigurationList = 91F068E22424BFFB0026D950 /* Build configuration list for PBXProject "SpacePhoto2" */;
			compatibilityVersion = "Xcode 9.3";
			developmentRegion = en;
			hasScannedForEncodings = 0;
			knownRegions = (
				en,
				Base,
			);
			mainGroup = 91F068DE2424BFFB0026D950;
			productRefGroup = 91F068E82424BFFC0026D950 /* Products */;
			projectDirPath = "";
			projectRoot = "";
			targets = (
				91F068E62424BFFB0026D950 /* SpacePhoto2 */,
			);
		};
/* End PBXProject section */

/* Begin PBXResourcesBuildPhase section */
		91F068E52424BFFB0026D950 /* Resources */ = {
			isa = PBXResourcesBuildPhase;
			buildActionMask = 2147483647;
			files = (
				91F068F72424BFFE0026D950 /* LaunchScreen.storyboard in Resources */,
				91F068F42424BFFE0026D950 /* Assets.xcassets in Resources */,
				91F068F22424BFFC0026D950 /* Main.storyboard in Resources */,
			);
			runOnlyForDeploymentPostprocessing = 0;
		};
/* End PBXResourcesBuildPhase section */

/* Begin PBXSourcesBuildPhase section */
		91F068E32424BFFB0026D950 /* Sources */ = {
			isa = PBXSourcesBuildPhase;
			buildActionMask = 2147483647;
			files = (
				91F069012424C63F0026D950 /* URL+helpers.swift in Sources */,
				91F068FF2424C3400026D950 /* PhotoInfo.swift in Sources */,
				91F069032424EDA70026D950 /* PhotoInfoController.swift in Sources */,
				91F068EF2424BFFC0026D950 /* ViewController.swift in Sources */,
				91F068EB2424BFFC0026D950 /* AppDelegate.swift in Sources */,
				91F068ED2424BFFC0026D950 /* SceneDelegate.swift in Sources */,
			);
			runOnlyForDeploymentPostprocessing = 0;
		};
/* End PBXSourcesBuildPhase section */

/* Begin PBXVariantGroup section */
		91F068F02424BFFC0026D950 /* Main.storyboard */ = {
			isa = PBXVariantGroup;
			children = (
				91F068F12424BFFC0026D950 /* Base */,
			);
			name = Main.storyboard;
			sourceTree = "<group>";
		};
		91F068F52424BFFE0026D950 /* LaunchScreen.storyboard */ = {
			isa = PBXVariantGroup;
			children = (
				91F068F62424BFFE0026D950 /* Base */,
			);
			name = LaunchScreen.storyboard;
			sourceTree = "<group>";
		};
/* End PBXVariantGroup section */

/* Begin XCBuildConfiguration section */
		91F068F92424BFFE0026D950 /* Debug */ = {
			isa = XCBuildConfiguration;
			buildSettings = {
				ALWAYS_SEARCH_USER_PATHS = NO;
				CLANG_ANALYZER_NONNULL = YES;
				CLANG_ANALYZER_NUMBER_OBJECT_CONVERSION = YES_AGGRESSIVE;
				CLANG_CXX_LANGUAGE_STANDARD = "gnu++14";
				CLANG_CXX_LIBRARY = "libc++";
				CLANG_ENABLE_MODULES = YES;
				CLANG_ENABLE_OBJC_ARC = YES;
				CLANG_ENABLE_OBJC_WEAK = YES;
				CLANG_WARN_BLOCK_CAPTURE_AUTORELEASING = YES;
				CLANG_WARN_BOOL_CONVERSION = YES;
				CLANG_WARN_COMMA = YES;
				CLANG_WARN_CONSTANT_CONVERSION = YES;
				CLANG_WARN_DEPRECATED_OBJC_IMPLEMENTATIONS = YES;
				CLANG_WARN_DIRECT_OBJC_ISA_USAGE = YES_ERROR;
				CLANG_WARN_DOCUMENTATION_COMMENTS = YES;
				CLANG_WARN_EMPTY_BODY = YES;
				CLANG_WARN_ENUM_CONVERSION = YES;
				CLANG_WARN_INFINITE_RECURSION = YES;
				CLANG_WARN_INT_CONVERSION = YES;
				CLANG_WARN_NON_LITERAL_NULL_CONVERSION = YES;
				CLANG_WARN_OBJC_IMPLICIT_RETAIN_SELF = YES;
				CLANG_WARN_OBJC_LITERAL_CONVERSION = YES;
				CLANG_WARN_OBJC_ROOT_CLASS = YES_ERROR;
				CLANG_WARN_RANGE_LOOP_ANALYSIS = YES;
				CLANG_WARN_STRICT_PROTOTYPES = YES;
				CLANG_WARN_SUSPICIOUS_MOVE = YES;
				CLANG_WARN_UNGUARDED_AVAILABILITY = YES_AGGRESSIVE;
				CLANG_WARN_UNREACHABLE_CODE = YES;
				CLANG_WARN__DUPLICATE_METHOD_MATCH = YES;
				COPY_PHASE_STRIP = NO;
				DEBUG_INFORMATION_FORMAT = dwarf;
				ENABLE_STRICT_OBJC_MSGSEND = YES;
				ENABLE_TESTABILITY = YES;
				GCC_C_LANGUAGE_STANDARD = gnu11;
				GCC_DYNAMIC_NO_PIC = NO;
				GCC_NO_COMMON_BLOCKS = YES;
				GCC_OPTIMIZATION_LEVEL = 0;
				GCC_PREPROCESSOR_DEFINITIONS = (
					"DEBUG=1",
					"$(inherited)",
				);
				GCC_WARN_64_TO_32_BIT_CONVERSION = YES;
				GCC_WARN_ABOUT_RETURN_TYPE = YES_ERROR;
				GCC_WARN_UNDECLARED_SELECTOR = YES;
				GCC_WARN_UNINITIALIZED_AUTOS = YES_AGGRESSIVE;
				GCC_WARN_UNUSED_FUNCTION = YES;
				GCC_WARN_UNUSED_VARIABLE = YES;
				IPHONEOS_DEPLOYMENT_TARGET = 13.1;
				MTL_ENABLE_DEBUG_INFO = INCLUDE_SOURCE;
				MTL_FAST_MATH = YES;
				ONLY_ACTIVE_ARCH = YES;
				SDKROOT = iphoneos;
				SWIFT_ACTIVE_COMPILATION_CONDITIONS = DEBUG;
				SWIFT_OPTIMIZATION_LEVEL = "-Onone";
			};
			name = Debug;
		};
		91F068FA2424BFFE0026D950 /* Release */ = {
			isa = XCBuildConfiguration;
			buildSettings = {
				ALWAYS_SEARCH_USER_PATHS = NO;
				CLANG_ANALYZER_NONNULL = YES;
				CLANG_ANALYZER_NUMBER_OBJECT_CONVERSION = YES_AGGRESSIVE;
				CLANG_CXX_LANGUAGE_STANDARD = "gnu++14";
				CLANG_CXX_LIBRARY = "libc++";
				CLANG_ENABLE_MODULES = YES;
				CLANG_ENABLE_OBJC_ARC = YES;
				CLANG_ENABLE_OBJC_WEAK = YES;
				CLANG_WARN_BLOCK_CAPTURE_AUTORELEASING = YES;
				CLANG_WARN_BOOL_CONVERSION = YES;
				CLANG_WARN_COMMA = YES;
				CLANG_WARN_CONSTANT_CONVERSION = YES;
				CLANG_WARN_DEPRECATED_OBJC_IMPLEMENTATIONS = YES;
				CLANG_WARN_DIRECT_OBJC_ISA_USAGE = YES_ERROR;
				CLANG_WARN_DOCUMENTATION_COMMENTS = YES;
				CLANG_WARN_EMPTY_BODY = YES;
				CLANG_WARN_ENUM_CONVERSION = YES;
				CLANG_WARN_INFINITE_RECURSION = YES;
				CLANG_WARN_INT_CONVERSION = YES;
				CLANG_WARN_NON_LITERAL_NULL_CONVERSION = YES;
				CLANG_WARN_OBJC_IMPLICIT_RETAIN_SELF = YES;
				CLANG_WARN_OBJC_LITERAL_CONVERSION = YES;
				CLANG_WARN_OBJC_ROOT_CLASS = YES_ERROR;
				CLANG_WARN_RANGE_LOOP_ANALYSIS = YES;
				CLANG_WARN_STRICT_PROTOTYPES = YES;
				CLANG_WARN_SUSPICIOUS_MOVE = YES;
				CLANG_WARN_UNGUARDED_AVAILABILITY = YES_AGGRESSIVE;
				CLANG_WARN_UNREACHABLE_CODE = YES;
				CLANG_WARN__DUPLICATE_METHOD_MATCH = YES;
				COPY_PHASE_STRIP = NO;
				DEBUG_INFORMATION_FORMAT = "dwarf-with-dsym";
				ENABLE_NS_ASSERTIONS = NO;
				ENABLE_STRICT_OBJC_MSGSEND = YES;
				GCC_C_LANGUAGE_STANDARD = gnu11;
				GCC_NO_COMMON_BLOCKS = YES;
				GCC_WARN_64_TO_32_BIT_CONVERSION = YES;
				GCC_WARN_ABOUT_RETURN_TYPE = YES_ERROR;
				GCC_WARN_UNDECLARED_SELECTOR = YES;
				GCC_WARN_UNINITIALIZED_AUTOS = YES_AGGRESSIVE;
				GCC_WARN_UNUSED_FUNCTION = YES;
				GCC_WARN_UNUSED_VARIABLE = YES;
				IPHONEOS_DEPLOYMENT_TARGET = 13.1;
				MTL_ENABLE_DEBUG_INFO = NO;
				MTL_FAST_MATH = YES;
				SDKROOT = iphoneos;
				SWIFT_COMPILATION_MODE = wholemodule;
				SWIFT_OPTIMIZATION_LEVEL = "-O";
				VALIDATE_PRODUCT = YES;
			};
			name = Release;
		};
		91F068FC2424BFFE0026D950 /* Debug */ = {
			isa = XCBuildConfiguration;
			buildSettings = {
				ASSETCATALOG_COMPILER_APPICON_NAME = AppIcon;
				CODE_SIGN_STYLE = Automatic;
				INFOPLIST_FILE = SpacePhoto2/Info.plist;
				LD_RUNPATH_SEARCH_PATHS = (
					"$(inherited)",
					"@executable_path/Frameworks",
				);
				PRODUCT_BUNDLE_IDENTIFIER = com.example.SpacePhoto2;
				PRODUCT_NAME = "$(TARGET_NAME)";
				SWIFT_VERSION = 5.0;
				TARGETED_DEVICE_FAMILY = "1,2";
			};
			name = Debug;
		};
		91F068FD2424BFFE0026D950 /* Release */ = {
			isa = XCBuildConfiguration;
			buildSettings = {
				ASSETCATALOG_COMPILER_APPICON_NAME = AppIcon;
				CODE_SIGN_STYLE = Automatic;
				INFOPLIST_FILE = SpacePhoto2/Info.plist;
				LD_RUNPATH_SEARCH_PATHS = (
					"$(inherited)",
					"@executable_path/Frameworks",
				);
				PRODUCT_BUNDLE_IDENTIFIER = com.example.SpacePhoto2;
				PRODUCT_NAME = "$(TARGET_NAME)";
				SWIFT_VERSION = 5.0;
				TARGETED_DEVICE_FAMILY = "1,2";
			};
			name = Release;
		};
/* End XCBuildConfiguration section */

/* Begin XCConfigurationList section */
		91F068E22424BFFB0026D950 /* Build configuration list for PBXProject "SpacePhoto2" */ = {
			isa = XCConfigurationList;
			buildConfigurations = (
				91F068F92424BFFE0026D950 /* Debug */,
				91F068FA2424BFFE0026D950 /* Release */,
			);
			defaultConfigurationIsVisible = 0;
			defaultConfigurationName = Release;
		};
		91F068FB2424BFFE0026D950 /* Build configuration list for PBXNativeTarget "SpacePhoto2" */ = {
			isa = XCConfigurationList;
			buildConfigurations = (
				91F068FC2424BFFE0026D950 /* Debug */,
				91F068FD2424BFFE0026D950 /* Release */,
			);
			defaultConfigurationIsVisible = 0;
			defaultConfigurationName = Release;
		};
/* End XCConfigurationList section */
	};
	rootObject = 91F068DF2424BFFB0026D950 /* Project object */;
}
